
Microsoft Visual Studio Solution File, Format Version 12.00
# Visual Studio Version 17
VisualStudioVersion = 17.10.35122.118
MinimumVisualStudioVersion = 10.0.40219.1
Project("{FAE04EC0-301F-11D3-BF4B-00C04F79EFBC}") = "Quitacao2", "Quitacao2\Quitacao2.csproj", "{28718564-56AE-4CA3-A4CD-37DA854092DE}"
EndProject
Global
	GlobalSection(SolutionConfigurationPlatforms) = preSolution
		Debug|Any CPU = Debug|Any CPU
		Release|Any CPU = Release|Any CPU
	EndGlobalSection
	GlobalSection(ProjectConfigurationPlatforms) = postSolution
		{28718564-56AE-4CA3-A4CD-37DA854092DE}.Debug|Any CPU.ActiveCfg = Debug|Any CPU
		{28718564-56AE-4CA3-A4CD-37DA854092DE}.Debug|Any CPU.Build.0 = Debug|Any CPU
		{28718564-56AE-4CA3-A4CD-37DA854092DE}.Release|Any CPU.ActiveCfg = Release|Any CPU
		{28718564-56AE-4CA3-A4CD-37DA854092DE}.Release|Any CPU.Build.0 = Release|Any CPU
	EndGlobalSection
	GlobalSection(SolutionProperties) = preSolution
		HideSolutionNode = FALSE
	EndGlobalSection
	GlobalSection(ExtensibilityGlobals) = postSolution
		SolutionGuid = {3E4675CD-EBAA-4C9D-B771-54DB190BAD87}
	EndGlobalSection
EndGlobal
